
Microsoft Visual Studio Solution File, Format Version 12.00
# Visual Studio Version 17
VisualStudioVersion = 17.14.37301.10 d17.14
MinimumVisualStudioVersion = 10.0.40219.1
Project("{FAE04EC0-301F-11D3-BF4B-00C04F79EFBC}") = "WorkTrackLite", "WorkTrackLite.csproj", "{2C33EA42-666B-415E-9A11-289985BF2058}"
EndProject
Global
	GlobalSection(SolutionConfigurationPlatforms) = preSolution
		Debug|Any CPU = Debug|Any CPU
		Release|Any CPU = Release|Any CPU
	EndGlobalSection
	GlobalSection(ProjectConfigurationPlatforms) = postSolution
		{2C33EA42-666B-415E-9A11-289985BF2058}.Debug|Any CPU.ActiveCfg = Debug|Any CPU
		{2C33EA42-666B-415E-9A11-289985BF2058}.Debug|Any CPU.Build.0 = Debug|Any CPU
		{2C33EA42-666B-415E-9A11-289985BF2058}.Release|Any CPU.ActiveCfg = Release|Any CPU
		{2C33EA42-666B-415E-9A11-289985BF2058}.Release|Any CPU.Build.0 = Release|Any CPU
	EndGlobalSection
	GlobalSection(SolutionProperties) = preSolution
		HideSolutionNode = FALSE
	EndGlobalSection
	GlobalSection(ExtensibilityGlobals) = postSolution
		SolutionGuid = {3D96E8A6-2C0E-4F08-9A28-1669B16B284B}
	EndGlobalSection
EndGlobal
